
Microsoft Visual Studio Solution File, Format Version 12.00
# Visual Studio Version 16
VisualStudioVersion = 16.0.31624.102
MinimumVisualStudioVersion = 10.0.40219.1
Project("{FAE04EC0-301F-11D3-BF4B-00C04F79EFBC}") = "GitHubTest2021november", "GitHubTest2021november\GitHubTest2021november.csproj", "{0501E7CF-874A-428C-B6D6-CF5605D07FDE}"
EndProject
Global
	GlobalSection(SolutionConfigurationPlatforms) = preSolution
		Debug|Any CPU = Debug|Any CPU
		Release|Any CPU = Release|Any CPU
	EndGlobalSection
	GlobalSection(ProjectConfigurationPlatforms) = postSolution
		{0501E7CF-874A-428C-B6D6-CF5605D07FDE}.Debug|Any CPU.ActiveCfg = Debug|Any CPU
		{0501E7CF-874A-428C-B6D6-CF5605D07FDE}.Debug|Any CPU.Build.0 = Debug|Any CPU
		{0501E7CF-874A-428C-B6D6-CF5605D07FDE}.Release|Any CPU.ActiveCfg = Release|Any CPU
		{0501E7CF-874A-428C-B6D6-CF5605D07FDE}.Release|Any CPU.Build.0 = Release|Any CPU
	EndGlobalSection
	GlobalSection(SolutionProperties) = preSolution
		HideSolutionNode = FALSE
	EndGlobalSection
	GlobalSection(ExtensibilityGlobals) = postSolution
		SolutionGuid = {57F1CC10-EA92-4958-8059-CE5D120C624A}
	EndGlobalSection
EndGlobal
